
Microsoft Visual Studio Solution File, Format Version 12.00
# Visual Studio 15
VisualStudioVersion = 15.0.27703.2026
MinimumVisualStudioVersion = 10.0.40219.1
Project("{FAE04EC0-301F-11D3-BF4B-00C04F79EFBC}") = "CurrencyConverter_", "CurrencyConverter_\CurrencyConverter_.csproj", "{42BD6DBD-E2A8-44F0-A679-AE9DF8268D94}"
EndProject
Project("{FAE04EC0-301F-11D3-BF4B-00C04F79EFBC}") = "CurrencyConverter_Tests1", "CurrencyConverter_Tests1\CurrencyConverter_Tests1.csproj", "{A8ADB0CD-FE23-4D85-9CA9-00C88BF291F7}"
EndProject
Global
	GlobalSection(SolutionConfigurationPlatforms) = preSolution
		Debug|Any CPU = Debug|Any CPU
		Release|Any CPU = Release|Any CPU
	EndGlobalSection
	GlobalSection(ProjectConfigurationPlatforms) = postSolution
		{42BD6DBD-E2A8-44F0-A679-AE9DF8268D94}.Debug|Any CPU.ActiveCfg = Debug|Any CPU
		{42BD6DBD-E2A8-44F0-A679-AE9DF8268D94}.Debug|Any CPU.Build.0 = Debug|Any CPU
		{42BD6DBD-E2A8-44F0-A679-AE9DF8268D94}.Release|Any CPU.ActiveCfg = Release|Any CPU
		{42BD6DBD-E2A8-44F0-A679-AE9DF8268D94}.Release|Any CPU.Build.0 = Release|Any CPU
		{A8ADB0CD-FE23-4D85-9CA9-00C88BF291F7}.Debug|Any CPU.ActiveCfg = Debug|Any CPU
		{A8ADB0CD-FE23-4D85-9CA9-00C88BF291F7}.Debug|Any CPU.Build.0 = Debug|Any CPU
		{A8ADB0CD-FE23-4D85-9CA9-00C88BF291F7}.Release|Any CPU.ActiveCfg = Release|Any CPU
		{A8ADB0CD-FE23-4D85-9CA9-00C88BF291F7}.Release|Any CPU.Build.0 = Release|Any CPU
	EndGlobalSection
	GlobalSection(SolutionProperties) = preSolution
		HideSolutionNode = FALSE
	EndGlobalSection
	GlobalSection(ExtensibilityGlobals) = postSolution
		SolutionGuid = {0056032C-4018-46B8-AA67-5CA1477B3293}
	EndGlobalSection
EndGlobal
